
Microsoft Visual Studio Solution File, Format Version 12.00
# Visual Studio Version 16
VisualStudioVersion = 16.0.30114.105
MinimumVisualStudioVersion = 10.0.40219.1
Project("{FAE04EC0-301F-11D3-BF4B-00C04F79EFBC}") = "API", "API\API.csproj", "{2636400A-1203-40EE-9518-C591DFEBCDF3}"
EndProject
Project("{FAE04EC0-301F-11D3-BF4B-00C04F79EFBC}") = "Core", "Core\Core.csproj", "{0717C43C-819B-4E9D-8BAB-48422C9D40E6}"
EndProject
Project("{FAE04EC0-301F-11D3-BF4B-00C04F79EFBC}") = "Infrastructure", "Infrastructure\Infrastructure.csproj", "{16C64963-EC87-48EB-A0E7-AC8690A0D253}"
EndProject
Global
	GlobalSection(SolutionConfigurationPlatforms) = preSolution
		Debug|Any CPU = Debug|Any CPU
		Release|Any CPU = Release|Any CPU
	EndGlobalSection
	GlobalSection(SolutionProperties) = preSolution
		HideSolutionNode = FALSE
	EndGlobalSection
	GlobalSection(ProjectConfigurationPlatforms) = postSolution
		{2636400A-1203-40EE-9518-C591DFEBCDF3}.Debug|Any CPU.ActiveCfg = Debug|Any CPU
		{2636400A-1203-40EE-9518-C591DFEBCDF3}.Debug|Any CPU.Build.0 = Debug|Any CPU
		{2636400A-1203-40EE-9518-C591DFEBCDF3}.Release|Any CPU.ActiveCfg = Release|Any CPU
		{2636400A-1203-40EE-9518-C591DFEBCDF3}.Release|Any CPU.Build.0 = Release|Any CPU
		{0717C43C-819B-4E9D-8BAB-48422C9D40E6}.Debug|Any CPU.ActiveCfg = Debug|Any CPU
		{0717C43C-819B-4E9D-8BAB-48422C9D40E6}.Debug|Any CPU.Build.0 = Debug|Any CPU
		{0717C43C-819B-4E9D-8BAB-48422C9D40E6}.Release|Any CPU.ActiveCfg = Release|Any CPU
		{0717C43C-819B-4E9D-8BAB-48422C9D40E6}.Release|Any CPU.Build.0 = Release|Any CPU
		{16C64963-EC87-48EB-A0E7-AC8690A0D253}.Debug|Any CPU.ActiveCfg = Debug|Any CPU
		{16C64963-EC87-48EB-A0E7-AC8690A0D253}.Debug|Any CPU.Build.0 = Debug|Any CPU
		{16C64963-EC87-48EB-A0E7-AC8690A0D253}.Release|Any CPU.ActiveCfg = Release|Any CPU
		{16C64963-EC87-48EB-A0E7-AC8690A0D253}.Release|Any CPU.Build.0 = Release|Any CPU
	EndGlobalSection
EndGlobal
